// !$*UTF8*$!
{
	archiveVersion = 1;
	classes = {
	};
	objectVersion = 46;
	objects = {

/* Begin PBXBuildFile section */
		1DA06E581A498E6D008D5718 /* main.m in Sources */ = {isa = PBXBuildFile; fileRef = 1DA06E571A498E6D008D5718 /* main.m */; };
		1DA06E5B1A498E6D008D5718 /* AppDelegate.m in Sources */ = {isa = PBXBuildFile; fileRef = 1DA06E5A1A498E6D008D5718 /* AppDelegate.m */; };
		1DA06E5E1A498E6D008D5718 /* Photos_Stream.xcdatamodeld in Sources */ = {isa = PBXBuildFile; fileRef = 1DA06E5C1A498E6D008D5718 /* Photos_Stream.xcdatamodeld */; };
		1DA06E611A498E6D008D5718 /* ViewController.m in Sources */ = {isa = PBXBuildFile; fileRef = 1DA06E601A498E6D008D5718 /* ViewController.m */; };
		1DA06E641A498E6D008D5718 /* Main.storyboard in Resources */ = {isa = PBXBuildFile; fileRef = 1DA06E621A498E6D008D5718 /* Main.storyboard */; };
		1DA06E661A498E6D008D5718 /* Images.xcassets in Resources */ = {isa = PBXBuildFile; fileRef = 1DA06E651A498E6D008D5718 /* Images.xcassets */; };
		1DA06E691A498E6D008D5718 /* LaunchScreen.xib in Resources */ = {isa = PBXBuildFile; fileRef = 1DA06E671A498E6D008D5718 /* LaunchScreen.xib */; };
		1DA06E751A498E6E008D5718 /* Photos_StreamTests.m in Sources */ = {isa = PBXBuildFile; fileRef = 1DA06E741A498E6E008D5718 /* Photos_StreamTests.m */; };
/* End PBXBuildFile section */

/* Begin PBXContainerItemProxy section */
		1DA06E6F1A498E6E008D5718 /* PBXContainerItemProxy */ = {
			isa = PBXContainerItemProxy;
			containerPortal = 1DA06E4A1A498E6D008D5718 /* Project object */;
			proxyType = 1;
			remoteGlobalIDString = 1DA06E511A498E6D008D5718;
			remoteInfo = "Photos Stream";
		};
/* End PBXContainerItemProxy section */

/* Begin PBXFileReference section */
		1DA06E521A498E6D008D5718 /* Photos Stream.app */ = {isa = PBXFileReference; explicitFileType = wrapper.application; includeInIndex = 0; path = "Photos Stream.app"; sourceTree = BUILT_PRODUCTS_DIR; };
		1DA06E561A498E6D008D5718 /* Info.plist */ = {isa = PBXFileReference; lastKnownFileType = text.plist.xml; path = Info.plist; sourceTree = "<group>"; };
		1DA06E571A498E6D008D5718 /* main.m */ = {isa = PBXFileReference; lastKnownFileType = sourcecode.c.objc; path = main.m; sourceTree = "<group>"; };
		1DA06E591A498E6D008D5718 /* AppDelegate.h */ = {isa = PBXFileReference; lastKnownFileType = sourcecode.c.h; path = AppDelegate.h; sourceTree = "<group>"; };
		1DA06E5A1A498E6D008D5718 /* AppDelegate.m */ = {isa = PBXFileReference; lastKnownFileType = sourcecode.c.objc; path = AppDelegate.m; sourceTree = "<group>"; };
		1DA06E5D1A498E6D008D5718 /* Photos_Stream.xcdatamodel */ = {isa = PBXFileReference; lastKnownFileType = wrapper.xcdatamodel; path = Photos_Stream.xcdatamodel; sourceTree = "<group>"; };
		1DA06E5F1A498E6D008D5718 /* ViewController.h */ = {isa = PBXFileReference; lastKnownFileType = sourcecode.c.h; path = ViewController.h; sourceTree = "<group>"; };
		1DA06E601A498E6D008D5718 /* ViewController.m */ = {isa = PBXFileReference; lastKnownFileType = sourcecode.c.objc; path = ViewController.m; sourceTree = "<group>"; };
		1DA06E631A498E6D008D5718 /* Base */ = {isa = PBXFileReference; lastKnownFileType = file.storyboard; name = Base; path = Base.lproj/Main.storyboard; sourceTree = "<group>"; };
		1DA06E651A498E6D008D5718 /* Images.xcassets */ = {isa = PBXFileReference; lastKnownFileType = folder.assetcatalog; path = Images.xcassets; sourceTree = "<group>"; };
		1DA06E681A498E6D008D5718 /* Base */ = {isa = PBXFileReference; lastKnownFileType = file.xib; name = Base; path = Base.lproj/LaunchScreen.xib; sourceTree = "<group>"; };
		1DA06E6E1A498E6E008D5718 /* Photos StreamTests.xctest */ = {isa = PBXFileReference; explicitFileType = wrapper.cfbundle; includeInIndex = 0; path = "Photos StreamTests.xctest"; sourceTree = BUILT_PRODUCTS_DIR; };
		1DA06E731A498E6E008D5718 /* Info.plist */ = {isa = PBXFileReference; lastKnownFileType = text.plist.xml; path = Info.plist; sourceTree = "<group>"; };
		1DA06E741A498E6E008D5718 /* Photos_StreamTests.m */ = {isa = PBXFileReference; lastKnownFileType = sourcecode.c.objc; path = Photos_StreamTests.m; sourceTree = "<group>"; };
/* End PBXFileReference section */

/* Begin PBXFrameworksBuildPhase section */
		1DA06E4F1A498E6D008D5718 /* Frameworks */ = {
			isa = PBXFrameworksBuildPhase;
			buildActionMask = 2147483647;
			files = (
			);
			runOnlyForDeploymentPostprocessing = 0;
		};
		1DA06E6B1A498E6E008D5718 /* Frameworks */ = {
			isa = PBXFrameworksBuildPhase;
			buildActionMask = 2147483647;
			files = (
			);
			runOnlyForDeploymentPostprocessing = 0;
		};
/* End PBXFrameworksBuildPhase section */

/* Begin PBXGroup section */
		1DA06E491A498E6D008D5718 = {
			isa = PBXGroup;
			children = (
				1DA06E541A498E6D008D5718 /* Photos Stream */,
				1DA06E711A498E6E008D5718 /* Photos StreamTests */,
				1DA06E531A498E6D008D5718 /* Products */,
			);
			sourceTree = "<group>";
		};
		1DA06E531A498E6D008D5718 /* Products */ = {
			isa = PBXGroup;
			children = (
				1DA06E521A498E6D008D5718 /* Photos Stream.app */,
				1DA06E6E1A498E6E008D5718 /* Photos StreamTests.xctest */,
			);
			name = Products;
			sourceTree = "<group>";
		};
		1DA06E541A498E6D008D5718 /* Photos Stream */ = {
			isa = PBXGroup;
			children = (
				1DA06E591A498E6D008D5718 /* AppDelegate.h */,
				1DA06E5A1A498E6D008D5718 /* AppDelegate.m */,
				1DA06E5F1A498E6D008D5718 /* ViewController.h */,
				1DA06E601A498E6D008D5718 /* ViewController.m */,
				1DA06E621A498E6D008D5718 /* Main.storyboard */,
				1DA06E651A498E6D008D5718 /* Images.xcassets */,
				1DA06E671A498E6D008D5718 /* LaunchScreen.xib */,
				1DA06E5C1A498E6D008D5718 /* Photos_Stream.xcdatamodeld */,
				1DA06E551A498E6D008D5718 /* Supporting Files */,
			);
			path = "Photos Stream";
			sourceTree = "<group>";
		};
		1DA06E551A498E6D008D5718 /* Supporting Files */ = {
			isa = PBXGroup;
			children = (
				1DA06E561A498E6D008D5718 /* Info.plist */,
				1DA06E571A498E6D008D5718 /* main.m */,
			);
			name = "Supporting Files";
			sourceTree = "<group>";
		};
		1DA06E711A498E6E008D5718 /* Photos StreamTests */ = {
			isa = PBXGroup;
			children = (
				1DA06E741A498E6E008D5718 /* Photos_StreamTests.m */,
				1DA06E721A498E6E008D5718 /* Supporting Files */,
			);
			path = "Photos StreamTests";
			sourceTree = "<group>";
		};
		1DA06E721A498E6E008D5718 /* Supporting Files */ = {
			isa = PBXGroup;
			children = (
				1DA06E731A498E6E008D5718 /* Info.plist */,
			);
			name = "Supporting Files";
			sourceTree = "<group>";
		};
/* End PBXGroup section */

/* Begin PBXNativeTarget section */
		1DA06E511A498E6D008D5718 /* Photos Stream */ = {
			isa = PBXNativeTarget;
			buildConfigurationList = 1DA06E781A498E6E008D5718 /* Build configuration list for PBXNativeTarget "Photos Stream" */;
			buildPhases = (
				1DA06E4E1A498E6D008D5718 /* Sources */,
				1DA06E4F1A498E6D008D5718 /* Frameworks */,
				1DA06E501A498E6D008D5718 /* Resources */,
			);
			buildRules = (
			);
			dependencies = (
			);
			name = "Photos Stream";
			productName = "Photos Stream";
			productReference = 1DA06E521A498E6D008D5718 /* Photos Stream.app */;
			productType = "com.apple.product-type.application";
		};
		1DA06E6D1A498E6E008D5718 /* Photos StreamTests */ = {
			isa = PBXNativeTarget;
			buildConfigurationList = 1DA06E7B1A498E6E008D5718 /* Build configuration list for PBXNativeTarget "Photos StreamTests" */;
			buildPhases = (
				1DA06E6A1A498E6E008D5718 /* Sources */,
				1DA06E6B1A498E6E008D5718 /* Frameworks */,
				1DA06E6C1A498E6E008D5718 /* Resources */,
			);
			buildRules = (
			);
			dependencies = (
				1DA06E701A498E6E008D5718 /* PBXTargetDependency */,
			);
			name = "Photos StreamTests";
			productName = "Photos StreamTests";
			productReference = 1DA06E6E1A498E6E008D5718 /* Photos StreamTests.xctest */;
			productType = "com.apple.product-type.bundle.unit-test";
		};
/* End PBXNativeTarget section */

/* Begin PBXProject section */
		1DA06E4A1A498E6D008D5718 /* Project object */ = {
			isa = PBXProject;
			attributes = {
				LastUpgradeCheck = 0610;
				ORGANIZATIONNAME = "Vikas Gautam";
				TargetAttributes = {
					1DA06E511A498E6D008D5718 = {
						CreatedOnToolsVersion = 6.1.1;
					};
					1DA06E6D1A498E6E008D5718 = {
						CreatedOnToolsVersion = 6.1.1;
						TestTargetID = 1DA06E511A498E6D008D5718;
					};
				};
			};
			buildConfigurationList = 1DA06E4D1A498E6D008D5718 /* Build configuration list for PBXProject "Photos Stream" */;
			compatibilityVersion = "Xcode 3.2";
			developmentRegion = English;
			hasScannedForEncodings = 0;
			knownRegions = (
				en,
				Base,
			);
			mainGroup = 1DA06E491A498E6D008D5718;
			productRefGroup = 1DA06E531A498E6D008D5718 /* Products */;
			projectDirPath = "";
			projectRoot = "";
			targets = (
				1DA06E511A498E6D008D5718 /* Photos Stream */,
				1DA06E6D1A498E6E008D5718 /* Photos StreamTests */,
			);
		};
/* End PBXProject section */

/* Begin PBXResourcesBuildPhase section */
		1DA06E501A498E6D008D5718 /* Resources */ = {
			isa = PBXResourcesBuildPhase;
			buildActionMask = 2147483647;
			files = (
				1DA06E641A498E6D008D5718 /* Main.storyboard in Resources */,
				1DA06E691A498E6D008D5718 /* LaunchScreen.xib in Resources */,
				1DA06E661A498E6D008D5718 /* Images.xcassets in Resources */,
			);
			runOnlyForDeploymentPostprocessing = 0;
		};
		1DA06E6C1A498E6E008D5718 /* Resources */ = {
			isa = PBXResourcesBuildPhase;
			buildActionMask = 2147483647;
			files = (
			);
			runOnlyForDeploymentPostprocessing = 0;
		};
/* End PBXResourcesBuildPhase section */

/* Begin PBXSourcesBuildPhase section */
		1DA06E4E1A498E6D008D5718 /* Sources */ = {
			isa = PBXSourcesBuildPhase;
			buildActionMask = 2147483647;
			files = (
				1DA06E5E1A498E6D008D5718 /* Photos_Stream.xcdatamodeld in Sources */,
				1DA06E5B1A498E6D008D5718 /* AppDelegate.m in Sources */,
				1DA06E611A498E6D008D5718 /* ViewController.m in Sources */,
				1DA06E581A498E6D008D5718 /* main.m in Sources */,
			);
			runOnlyForDeploymentPostprocessing = 0;
		};
		1DA06E6A1A498E6E008D5718 /* Sources */ = {
			isa = PBXSourcesBuildPhase;
			buildActionMask = 2147483647;
			files = (
				1DA06E751A498E6E008D5718 /* Photos_StreamTests.m in Sources */,
			);
			runOnlyForDeploymentPostprocessing = 0;
		};
/* End PBXSourcesBuildPhase section */

/* Begin PBXTargetDependency section */
		1DA06E701A498E6E008D5718 /* PBXTargetDependency */ = {
			isa = PBXTargetDependency;
			target = 1DA06E511A498E6D008D5718 /* Photos Stream */;
			targetProxy = 1DA06E6F1A498E6E008D5718 /* PBXContainerItemProxy */;
		};
/* End PBXTargetDependency section */

/* Begin PBXVariantGroup section */
		1DA06E621A498E6D008D5718 /* Main.storyboard */ = {
			isa = PBXVariantGroup;
			children = (
				1DA06E631A498E6D008D5718 /* Base */,
			);
			name = Main.storyboard;
			sourceTree = "<group>";
		};
		1DA06E671A498E6D008D5718 /* LaunchScreen.xib */ = {
			isa = PBXVariantGroup;
			children = (
				1DA06E681A498E6D008D5718 /* Base */,
			);
			name = LaunchScreen.xib;
			sourceTree = "<group>";
		};
/* End PBXVariantGroup section */

/* Begin XCBuildConfiguration section */
		1DA06E761A498E6E008D5718 /* Debug */ = {
			isa = XCBuildConfiguration;
			buildSettings = {
				ALWAYS_SEARCH_USER_PATHS = NO;
				CLANG_CXX_LANGUAGE_STANDARD = "gnu++0x";
				CLANG_CXX_LIBRARY = "libc++";
				CLANG_ENABLE_MODULES = YES;
				CLANG_ENABLE_OBJC_ARC = YES;
				CLANG_WARN_BOOL_CONVERSION = YES;
				CLANG_WARN_CONSTANT_CONVERSION = YES;
				CLANG_WARN_DIRECT_OBJC_ISA_USAGE = YES_ERROR;
				CLANG_WARN_EMPTY_BODY = YES;
				CLANG_WARN_ENUM_CONVERSION = YES;
				CLANG_WARN_INT_CONVERSION = YES;
				CLANG_WARN_OBJC_ROOT_CLASS = YES_ERROR;
				CLANG_WARN_UNREACHABLE_CODE = YES;
				CLANG_WARN__DUPLICATE_METHOD_MATCH = YES;
				"CODE_SIGN_IDENTITY[sdk=iphoneos*]" = "iPhone Developer";
				COPY_PHASE_STRIP = NO;
				ENABLE_STRICT_OBJC_MSGSEND = YES;
				GCC_C_LANGUAGE_STANDARD = gnu99;
				GCC_DYNAMIC_NO_PIC = NO;
				GCC_OPTIMIZATION_LEVEL = 0;
				GCC_PREPROCESSOR_DEFINITIONS = (
					"DEBUG=1",
					"$(inherited)",
				);
				GCC_SYMBOLS_PRIVATE_EXTERN = NO;
				GCC_WARN_64_TO_32_BIT_CONVERSION = YES;
				GCC_WARN_ABOUT_RETURN_TYPE = YES_ERROR;
				GCC_WARN_UNDECLARED_SELECTOR = YES;
				GCC_WARN_UNINITIALIZED_AUTOS = YES_AGGRESSIVE;
				GCC_WARN_UNUSED_FUNCTION = YES;
				GCC_WARN_UNUSED_VARIABLE = YES;
				IPHONEOS_DEPLOYMENT_TARGET = 8.1;
				MTL_ENABLE_DEBUG_INFO = YES;
				ONLY_ACTIVE_ARCH = YES;
				SDKROOT = iphoneos;
			};
			name = Debug;
		};
		1DA06E771A498E6E008D5718 /* Release */ = {
			isa = XCBuildConfiguration;
			buildSettings = {
				ALWAYS_SEARCH_USER_PATHS = NO;
				CLANG_CXX_LANGUAGE_STANDARD = "gnu++0x";
				CLANG_CXX_LIBRARY = "libc++";
				CLANG_ENABLE_MODULES = YES;
				CLANG_ENABLE_OBJC_ARC = YES;
				CLANG_WARN_BOOL_CONVERSION = YES;
				CLANG_WARN_CONSTANT_CONVERSION = YES;
				CLANG_WARN_DIRECT_OBJC_ISA_USAGE = YES_ERROR;
				CLANG_WARN_EMPTY_BODY = YES;
				CLANG_WARN_ENUM_CONVERSION = YES;
				CLANG_WARN_INT_CONVERSION = YES;
				CLANG_WARN_OBJC_ROOT_CLASS = YES_ERROR;
				CLANG_WARN_UNREACHABLE_CODE = YES;
				CLANG_WARN__DUPLICATE_METHOD_MATCH = YES;
				"CODE_SIGN_IDENTITY[sdk=iphoneos*]" = "iPhone Developer";
				COPY_PHASE_STRIP = YES;
				ENABLE_NS_ASSERTIONS = NO;
				ENABLE_STRICT_OBJC_MSGSEND = YES;
				GCC_C_LANGUAGE_STANDARD = gnu99;
				GCC_WARN_64_TO_32_BIT_CONVERSION = YES;
				GCC_WARN_ABOUT_RETURN_TYPE = YES_ERROR;
				GCC_WARN_UNDECLARED_SELECTOR = YES;
				GCC_WARN_UNINITIALIZED_AUTOS = YES_AGGRESSIVE;
				GCC_WARN_UNUSED_FUNCTION = YES;
				GCC_WARN_UNUSED_VARIABLE = YES;
				IPHONEOS_DEPLOYMENT_TARGET = 8.1;
				MTL_ENABLE_DEBUG_INFO = NO;
				SDKROOT = iphoneos;
				VALIDATE_PRODUCT = YES;
			};
			name = Release;
		};
		1DA06E791A498E6E008D5718 /* Debug */ = {
			isa = XCBuildConfiguration;
			buildSettings = {
				ASSETCATALOG_COMPILER_APPICON_NAME = AppIcon;
				INFOPLIST_FILE = "Photos Stream/Info.plist";
				LD_RUNPATH_SEARCH_PATHS = "$(inherited) @executable_path/Frameworks";
				PRODUCT_NAME = "$(TARGET_NAME)";
			};
			name = Debug;
		};
		1DA06E7A1A498E6E008D5718 /* Release */ = {
			isa = XCBuildConfiguration;
			buildSettings = {
				ASSETCATALOG_COMPILER_APPICON_NAME = AppIcon;
				INFOPLIST_FILE = "Photos Stream/Info.plist";
				LD_RUNPATH_SEARCH_PATHS = "$(inherited) @executable_path/Frameworks";
				PRODUCT_NAME = "$(TARGET_NAME)";
			};
			name = Release;
		};
		1DA06E7C1A498E6E008D5718 /* Debug */ = {
			isa = XCBuildConfiguration;
			buildSettings = {
				BUNDLE_LOADER = "$(TEST_HOST)";
				FRAMEWORK_SEARCH_PATHS = (
					"$(SDKROOT)/Developer/Library/Frameworks",
					"$(inherited)",
				);
				GCC_PREPROCESSOR_DEFINITIONS = (
					"DEBUG=1",
					"$(inherited)",
				);
				INFOPLIST_FILE = "Photos StreamTests/Info.plist";
				LD_RUNPATH_SEARCH_PATHS = "$(inherited) @executable_path/Frameworks @loader_path/Frameworks";
				PRODUCT_NAME = "$(TARGET_NAME)";
				TEST_HOST = "$(BUILT_PRODUCTS_DIR)/Photos Stream.app/Photos Stream";
			};
			name = Debug;
		};
		1DA06E7D1A498E6E008D5718 /* Release */ = {
			isa = XCBuildConfiguration;
			buildSettings = {
				BUNDLE_LOADER = "$(TEST_HOST)";
				FRAMEWORK_SEARCH_PATHS = (
					"$(SDKROOT)/Developer/Library/Frameworks",
					"$(inherited)",
				);
				INFOPLIST_FILE = "Photos StreamTests/Info.plist";
				LD_RUNPATH_SEARCH_PATHS = "$(inherited) @executable_path/Frameworks @loader_path/Frameworks";
				PRODUCT_NAME = "$(TARGET_NAME)";
				TEST_HOST = "$(BUILT_PRODUCTS_DIR)/Photos Stream.app/Photos Stream";
			};
			name = Release;
		};
/* End XCBuildConfiguration section */

/* Begin XCConfigurationList section */
		1DA06E4D1A498E6D008D5718 /* Build configuration list for PBXProject "Photos Stream" */ = {
			isa = XCConfigurationList;
			buildConfigurations = (
				1DA06E761A498E6E008D5718 /* Debug */,
				1DA06E771A498E6E008D5718 /* Release */,
			);
			defaultConfigurationIsVisible = 0;
			defaultConfigurationName = Release;
		};
		1DA06E781A498E6E008D5718 /* Build configuration list for PBXNativeTarget "Photos Stream" */ = {
			isa = XCConfigurationList;
			buildConfigurations = (
				1DA06E791A498E6E008D5718 /* Debug */,
				1DA06E7A1A498E6E008D5718 /* Release */,
			);
			defaultConfigurationIsVisible = 0;
		};
		1DA06E7B1A498E6E008D5718 /* Build configuration list for PBXNativeTarget "Photos StreamTests" */ = {
			isa = XCConfigurationList;
			buildConfigurations = (
				1DA06E7C1A498E6E008D5718 /* Debug */,
				1DA06E7D1A498E6E008D5718 /* Release */,
			);
			defaultConfigurationIsVisible = 0;
		};
/* End XCConfigurationList section */

/* Begin XCVersionGroup section */
		1DA06E5C1A498E6D008D5718 /* Photos_Stream.xcdatamodeld */ = {
			isa = XCVersionGroup;
			children = (
				1DA06E5D1A498E6D008D5718 /* Photos_Stream.xcdatamodel */,
			);
			currentVersion = 1DA06E5D1A498E6D008D5718 /* Photos_Stream.xcdatamodel */;
			path = Photos_Stream.xcdatamodeld;
			sourceTree = "<group>";
			versionGroupType = wrapper.xcdatamodel;
		};
/* End XCVersionGroup section */
	};
	rootObject = 1DA06E4A1A498E6D008D5718 /* Project object */;
}
